
Microsoft Visual Studio Solution File, Format Version 12.00
# Visual Studio Version 17
VisualStudioVersion = 17.0.31903.59
MinimumVisualStudioVersion = 10.0.40219.1
Project("{9A19103F-16F7-4668-BE54-9A1E7A4F7556}") = "AoC.Runner", "AoC.Runner\AoC.Runner.csproj", "{DD9B93AA-497F-416A-8B4F-5B8528C75591}"
EndProject
Project("{9A19103F-16F7-4668-BE54-9A1E7A4F7556}") = "AoC.Solutions", "AoC.Solutions\AoC.Solutions.csproj", "{DBDDEE9C-6C41-40F5-B2BB-C12B424B079D}"
EndProject
Global
	GlobalSection(SolutionConfigurationPlatforms) = preSolution
		Debug|Any CPU = Debug|Any CPU
		Release|Any CPU = Release|Any CPU
	EndGlobalSection
	GlobalSection(ProjectConfigurationPlatforms) = postSolution
		{DD9B93AA-497F-416A-8B4F-5B8528C75591}.Debug|Any CPU.ActiveCfg = Debug|Any CPU
		{DD9B93AA-497F-416A-8B4F-5B8528C75591}.Debug|Any CPU.Build.0 = Debug|Any CPU
		{DD9B93AA-497F-416A-8B4F-5B8528C75591}.Release|Any CPU.ActiveCfg = Release|Any CPU
		{DD9B93AA-497F-416A-8B4F-5B8528C75591}.Release|Any CPU.Build.0 = Release|Any CPU
		{DBDDEE9C-6C41-40F5-B2BB-C12B424B079D}.Debug|Any CPU.ActiveCfg = Debug|Any CPU
		{DBDDEE9C-6C41-40F5-B2BB-C12B424B079D}.Debug|Any CPU.Build.0 = Debug|Any CPU
		{DBDDEE9C-6C41-40F5-B2BB-C12B424B079D}.Release|Any CPU.ActiveCfg = Release|Any CPU
		{DBDDEE9C-6C41-40F5-B2BB-C12B424B079D}.Release|Any CPU.Build.0 = Release|Any CPU
	EndGlobalSection
	GlobalSection(SolutionProperties) = preSolution
		HideSolutionNode = FALSE
	EndGlobalSection
	GlobalSection(ExtensibilityGlobals) = postSolution
		SolutionGuid = {DD59567F-7121-4C2A-BE4A-F967F0840E90}
	EndGlobalSection
EndGlobal
